// !$*UTF8*$!
{
	archiveVersion = 1;
	classes = {
	};
	objectVersion = 46;
	objects = {

/* Begin PBXBuildFile section */
		8C5E4F1C17DF454F00A4FE9F /* loginbg.png in Resources */ = {isa = PBXBuildFile; fileRef = 8C5E4F1A17DF454F00A4FE9F /* loginbg.png */; };
		8C5E4F1D17DF454F00A4FE9F /* loginbg@2x.png in Resources */ = {isa = PBXBuildFile; fileRef = 8C5E4F1B17DF454F00A4FE9F /* loginbg@2x.png */; };
		8C5E4F1F17DF459B00A4FE9F /* buttonbg.png in Resources */ = {isa = PBXBuildFile; fileRef = 8C5E4F1E17DF459B00A4FE9F /* buttonbg.png */; };
		8C5E4F2717DF49FB00A4FE9F /* SystemConfiguration.framework in Frameworks */ = {isa = PBXBuildFile; fileRef = 8C5E4F2617DF49FB00A4FE9F /* SystemConfiguration.framework */; };
		8CA79E3917DF0C4D0028C8B8 /* UIKit.framework in Frameworks */ = {isa = PBXBuildFile; fileRef = 8CA79E3817DF0C4D0028C8B8 /* UIKit.framework */; };
		8CA79E3B17DF0C4D0028C8B8 /* Foundation.framework in Frameworks */ = {isa = PBXBuildFile; fileRef = 8CA79E3A17DF0C4D0028C8B8 /* Foundation.framework */; };
		8CA79E3D17DF0C4D0028C8B8 /* CoreGraphics.framework in Frameworks */ = {isa = PBXBuildFile; fileRef = 8CA79E3C17DF0C4D0028C8B8 /* CoreGraphics.framework */; };
		8CA79E4317DF0C4E0028C8B8 /* InfoPlist.strings in Resources */ = {isa = PBXBuildFile; fileRef = 8CA79E4117DF0C4E0028C8B8 /* InfoPlist.strings */; };
		8CA79E4517DF0C4E0028C8B8 /* main.m in Sources */ = {isa = PBXBuildFile; fileRef = 8CA79E4417DF0C4E0028C8B8 /* main.m */; };
		8CA79E5217DF0C4E0028C8B8 /* MainStoryboard.storyboard in Resources */ = {isa = PBXBuildFile; fileRef = 8CA79E5017DF0C4E0028C8B8 /* MainStoryboard.storyboard */; };
		8CA86A1817E1B3420076E06F /* ApplicationIcon.png in Resources */ = {isa = PBXBuildFile; fileRef = 8CA86A1317E1B3420076E06F /* ApplicationIcon.png */; };
		8CA86A1917E1B3420076E06F /* ApplicationIcon@2x.png in Resources */ = {isa = PBXBuildFile; fileRef = 8CA86A1417E1B3420076E06F /* ApplicationIcon@2x.png */; };
		8CA86A1A17E1B3420076E06F /* Default-568h@2x.png in Resources */ = {isa = PBXBuildFile; fileRef = 8CA86A1517E1B3420076E06F /* Default-568h@2x.png */; };
		8CA86A1B17E1B3420076E06F /* Default.png in Resources */ = {isa = PBXBuildFile; fileRef = 8CA86A1617E1B3420076E06F /* Default.png */; };
		8CA86A1C17E1B3420076E06F /* Default@2x.png in Resources */ = {isa = PBXBuildFile; fileRef = 8CA86A1717E1B3420076E06F /* Default@2x.png */; };
		8CA86A2E17E1B3600076E06F /* MYEAppDelegate.m in Sources */ = {isa = PBXBuildFile; fileRef = 8CA86A2317E1B3600076E06F /* MYEAppDelegate.m */; };
		8CA86A5317E1B4210076E06F /* run1.png in Resources */ = {isa = PBXBuildFile; fileRef = 8CA86A3517E1B4210076E06F /* run1.png */; };
		8CA86A5417E1B4210076E06F /* run2.png in Resources */ = {isa = PBXBuildFile; fileRef = 8CA86A3617E1B4210076E06F /* run2.png */; };
		8CA86A5517E1B4210076E06F /* run3.png in Resources */ = {isa = PBXBuildFile; fileRef = 8CA86A3717E1B4210076E06F /* run3.png */; };
		8CA86A5617E1B4210076E06F /* run4.png in Resources */ = {isa = PBXBuildFile; fileRef = 8CA86A3817E1B4210076E06F /* run4.png */; };
		8CA86A5717E1B4210076E06F /* run5.png in Resources */ = {isa = PBXBuildFile; fileRef = 8CA86A3917E1B4210076E06F /* run5.png */; };
		8CA86A5817E1B4210076E06F /* ac.png in Resources */ = {isa = PBXBuildFile; fileRef = 8CA86A3B17E1B4210076E06F /* ac.png */; };
		8CA86A5917E1B4210076E06F /* curtain.png in Resources */ = {isa = PBXBuildFile; fileRef = 8CA86A3C17E1B4210076E06F /* curtain.png */; };
		8CA86A5A17E1B4210076E06F /* fan.png in Resources */ = {isa = PBXBuildFile; fileRef = 8CA86A3D17E1B4210076E06F /* fan.png */; };
		8CA86A5B17E1B4210076E06F /* other.png in Resources */ = {isa = PBXBuildFile; fileRef = 8CA86A3E17E1B4210076E06F /* other.png */; };
		8CA86A5C17E1B4210076E06F /* rediator.png in Resources */ = {isa = PBXBuildFile; fileRef = 8CA86A3F17E1B4210076E06F /* rediator.png */; };
		8CA86A5D17E1B4210076E06F /* security.png in Resources */ = {isa = PBXBuildFile; fileRef = 8CA86A4017E1B4210076E06F /* security.png */; };
		8CA86A5E17E1B4210076E06F /* socket.png in Resources */ = {isa = PBXBuildFile; fileRef = 8CA86A4117E1B4210076E06F /* socket.png */; };
		8CA86A5F17E1B4210076E06F /* socketon.png in Resources */ = {isa = PBXBuildFile; fileRef = 8CA86A4217E1B4210076E06F /* socketon.png */; };
		8CA86A6017E1B4210076E06F /* speaker.png in Resources */ = {isa = PBXBuildFile; fileRef = 8CA86A4317E1B4210076E06F /* speaker.png */; };
		8CA86A6117E1B4210076E06F /* tv.png in Resources */ = {isa = PBXBuildFile; fileRef = 8CA86A4417E1B4210076E06F /* tv.png */; };
		8CA86A6217E1B4210076E06F /* bedroom.png in Resources */ = {isa = PBXBuildFile; fileRef = 8CA86A4617E1B4210076E06F /* bedroom.png */; };
		8CA86A6317E1B4210076E06F /* dinningroom.png in Resources */ = {isa = PBXBuildFile; fileRef = 8CA86A4717E1B4210076E06F /* dinningroom.png */; };
		8CA86A6417E1B4210076E06F /* kitchen.png in Resources */ = {isa = PBXBuildFile; fileRef = 8CA86A4817E1B4210076E06F /* kitchen.png */; };
		8CA86A6517E1B4210076E06F /* livingroom.png in Resources */ = {isa = PBXBuildFile; fileRef = 8CA86A4917E1B4210076E06F /* livingroom.png */; };
		8CA86A6617E1B4210076E06F /* studyroom.png in Resources */ = {isa = PBXBuildFile; fileRef = 8CA86A4A17E1B4210076E06F /* studyroom.png */; };
		8CA86A6717E1B4210076E06F /* washroom.png in Resources */ = {isa = PBXBuildFile; fileRef = 8CA86A4B17E1B4210076E06F /* washroom.png */; };
		8CA86A6817E1B4210076E06F /* noconnection.png in Resources */ = {isa = PBXBuildFile; fileRef = 8CA86A4D17E1B4210076E06F /* noconnection.png */; };
		8CA86A6917E1B4210076E06F /* signal0.png in Resources */ = {isa = PBXBuildFile; fileRef = 8CA86A4E17E1B4210076E06F /* signal0.png */; };
		8CA86A6A17E1B4210076E06F /* signal1.png in Resources */ = {isa = PBXBuildFile; fileRef = 8CA86A4F17E1B4210076E06F /* signal1.png */; };
		8CA86A6B17E1B4210076E06F /* signal2.png in Resources */ = {isa = PBXBuildFile; fileRef = 8CA86A5017E1B4210076E06F /* signal2.png */; };
		8CA86A6C17E1B4210076E06F /* signal3.png in Resources */ = {isa = PBXBuildFile; fileRef = 8CA86A5117E1B4210076E06F /* signal3.png */; };
		8CA86A6D17E1B4210076E06F /* signal4.png in Resources */ = {isa = PBXBuildFile; fileRef = 8CA86A5217E1B4210076E06F /* signal4.png */; };
		8CA86A7017E1BA500076E06F /* MYERegisterViewController.m in Sources */ = {isa = PBXBuildFile; fileRef = 8CA86A6F17E1BA500076E06F /* MYERegisterViewController.m */; };
		8CA86A7617E1DBA40076E06F /* MYEDataLoader.m in Sources */ = {isa = PBXBuildFile; fileRef = 8CA86A7317E1DBA40076E06F /* MYEDataLoader.m */; };
		8CA86A7717E1DBA40076E06F /* MYEUtil.m in Sources */ = {isa = PBXBuildFile; fileRef = 8CA86A7517E1DBA40076E06F /* MYEUtil.m */; };
		8CA86A7A17E1DC570076E06F /* MYELoginViewController.m in Sources */ = {isa = PBXBuildFile; fileRef = 8CA86A7917E1DC570076E06F /* MYELoginViewController.m */; };
		8CA86A7E17E1E2000076E06F /* MBProgressHUD.m in Sources */ = {isa = PBXBuildFile; fileRef = 8CA86A7D17E1E2000076E06F /* MBProgressHUD.m */; };
/* End PBXBuildFile section */

/* Begin PBXFileReference section */
		8C5E4F1A17DF454F00A4FE9F /* loginbg.png */ = {isa = PBXFileReference; lastKnownFileType = image.png; name = loginbg.png; path = ../../../Pictures/MyESmartThermostat/MyE/Assets/loginbg.png; sourceTree = "<group>"; };
		8C5E4F1B17DF454F00A4FE9F /* loginbg@2x.png */ = {isa = PBXFileReference; lastKnownFileType = image.png; name = "loginbg@2x.png"; path = "../../../Pictures/MyESmartThermostat/MyE/Assets/loginbg@2x.png"; sourceTree = "<group>"; };
		8C5E4F1E17DF459B00A4FE9F /* buttonbg.png */ = {isa = PBXFileReference; lastKnownFileType = image.png; name = buttonbg.png; path = ../../../Pictures/MyESmartThermostat/MyE/Assets/buttonbg.png; sourceTree = "<group>"; };
		8C5E4F2617DF49FB00A4FE9F /* SystemConfiguration.framework */ = {isa = PBXFileReference; lastKnownFileType = wrapper.framework; name = SystemConfiguration.framework; path = System/Library/Frameworks/SystemConfiguration.framework; sourceTree = SDKROOT; };
		8CA79E3517DF0C4D0028C8B8 /* MyEHome2.app */ = {isa = PBXFileReference; explicitFileType = wrapper.application; includeInIndex = 0; path = MyEHome2.app; sourceTree = BUILT_PRODUCTS_DIR; };
		8CA79E3817DF0C4D0028C8B8 /* UIKit.framework */ = {isa = PBXFileReference; lastKnownFileType = wrapper.framework; name = UIKit.framework; path = System/Library/Frameworks/UIKit.framework; sourceTree = SDKROOT; };
		8CA79E3A17DF0C4D0028C8B8 /* Foundation.framework */ = {isa = PBXFileReference; lastKnownFileType = wrapper.framework; name = Foundation.framework; path = System/Library/Frameworks/Foundation.framework; sourceTree = SDKROOT; };
		8CA79E3C17DF0C4D0028C8B8 /* CoreGraphics.framework */ = {isa = PBXFileReference; lastKnownFileType = wrapper.framework; name = CoreGraphics.framework; path = System/Library/Frameworks/CoreGraphics.framework; sourceTree = SDKROOT; };
		8CA79E4017DF0C4E0028C8B8 /* MyEHome2-Info.plist */ = {isa = PBXFileReference; lastKnownFileType = text.plist.xml; path = "MyEHome2-Info.plist"; sourceTree = "<group>"; };
		8CA79E4217DF0C4E0028C8B8 /* en */ = {isa = PBXFileReference; lastKnownFileType = text.plist.strings; name = en; path = en.lproj/InfoPlist.strings; sourceTree = "<group>"; };
		8CA79E4417DF0C4E0028C8B8 /* main.m */ = {isa = PBXFileReference; lastKnownFileType = sourcecode.c.objc; path = main.m; sourceTree = "<group>"; };
		8CA79E4617DF0C4E0028C8B8 /* MyEHome2-Prefix.pch */ = {isa = PBXFileReference; lastKnownFileType = sourcecode.c.h; path = "MyEHome2-Prefix.pch"; sourceTree = "<group>"; };
		8CA79E5117DF0C4E0028C8B8 /* en */ = {isa = PBXFileReference; lastKnownFileType = file.storyboard; name = en; path = en.lproj/MainStoryboard.storyboard; sourceTree = "<group>"; };
		8CA86A1317E1B3420076E06F /* ApplicationIcon.png */ = {isa = PBXFileReference; lastKnownFileType = image.png; name = ApplicationIcon.png; path = Assets/ApplicationIcon.png; sourceTree = "<group>"; };
		8CA86A1417E1B3420076E06F /* ApplicationIcon@2x.png */ = {isa = PBXFileReference; lastKnownFileType = image.png; name = "ApplicationIcon@2x.png"; path = "Assets/ApplicationIcon@2x.png"; sourceTree = "<group>"; };
		8CA86A1517E1B3420076E06F /* Default-568h@2x.png */ = {isa = PBXFileReference; lastKnownFileType = image.png; name = "Default-568h@2x.png"; path = "Assets/Default-568h@2x.png"; sourceTree = "<group>"; };
		8CA86A1617E1B3420076E06F /* Default.png */ = {isa = PBXFileReference; lastKnownFileType = image.png; name = Default.png; path = Assets/Default.png; sourceTree = "<group>"; };
		8CA86A1717E1B3420076E06F /* Default@2x.png */ = {isa = PBXFileReference; lastKnownFileType = image.png; name = "Default@2x.png"; path = "Assets/Default@2x.png"; sourceTree = "<group>"; };
		8CA86A2217E1B3600076E06F /* MYEAppDelegate.h */ = {isa = PBXFileReference; fileEncoding = 4; lastKnownFileType = sourcecode.c.h; path = MYEAppDelegate.h; sourceTree = "<group>"; };
		8CA86A2317E1B3600076E06F /* MYEAppDelegate.m */ = {isa = PBXFileReference; fileEncoding = 4; lastKnownFileType = sourcecode.c.objc; path = MYEAppDelegate.m; sourceTree = "<group>"; };
		8CA86A3517E1B4210076E06F /* run1.png */ = {isa = PBXFileReference; lastKnownFileType = image.png; path = run1.png; sourceTree = "<group>"; };
		8CA86A3617E1B4210076E06F /* run2.png */ = {isa = PBXFileReference; lastKnownFileType = image.png; path = run2.png; sourceTree = "<group>"; };
		8CA86A3717E1B4210076E06F /* run3.png */ = {isa = PBXFileReference; lastKnownFileType = image.png; path = run3.png; sourceTree = "<group>"; };
		8CA86A3817E1B4210076E06F /* run4.png */ = {isa = PBXFileReference; lastKnownFileType = image.png; path = run4.png; sourceTree = "<group>"; };
		8CA86A3917E1B4210076E06F /* run5.png */ = {isa = PBXFileReference; lastKnownFileType = image.png; path = run5.png; sourceTree = "<group>"; };
		8CA86A3B17E1B4210076E06F /* ac.png */ = {isa = PBXFileReference; lastKnownFileType = image.png; path = ac.png; sourceTree = "<group>"; };
		8CA86A3C17E1B4210076E06F /* curtain.png */ = {isa = PBXFileReference; lastKnownFileType = image.png; path = curtain.png; sourceTree = "<group>"; };
		8CA86A3D17E1B4210076E06F /* fan.png */ = {isa = PBXFileReference; lastKnownFileType = image.png; path = fan.png; sourceTree = "<group>"; };
		8CA86A3E17E1B4210076E06F /* other.png */ = {isa = PBXFileReference; lastKnownFileType = image.png; path = other.png; sourceTree = "<group>"; };
		8CA86A3F17E1B4210076E06F /* rediator.png */ = {isa = PBXFileReference; lastKnownFileType = image.png; path = rediator.png; sourceTree = "<group>"; };
		8CA86A4017E1B4210076E06F /* security.png */ = {isa = PBXFileReference; lastKnownFileType = image.png; path = security.png; sourceTree = "<group>"; };
		8CA86A4117E1B4210076E06F /* socket.png */ = {isa = PBXFileReference; lastKnownFileType = image.png; path = socket.png; sourceTree = "<group>"; };
		8CA86A4217E1B4210076E06F /* socketon.png */ = {isa = PBXFileReference; lastKnownFileType = image.png; path = socketon.png; sourceTree = "<group>"; };
		8CA86A4317E1B4210076E06F /* speaker.png */ = {isa = PBXFileReference; lastKnownFileType = image.png; path = speaker.png; sourceTree = "<group>"; };
		8CA86A4417E1B4210076E06F /* tv.png */ = {isa = PBXFileReference; lastKnownFileType = image.png; path = tv.png; sourceTree = "<group>"; };
		8CA86A4617E1B4210076E06F /* bedroom.png */ = {isa = PBXFileReference; lastKnownFileType = image.png; path = bedroom.png; sourceTree = "<group>"; };
		8CA86A4717E1B4210076E06F /* dinningroom.png */ = {isa = PBXFileReference; lastKnownFileType = image.png; path = dinningroom.png; sourceTree = "<group>"; };
		8CA86A4817E1B4210076E06F /* kitchen.png */ = {isa = PBXFileReference; lastKnownFileType = image.png; path = kitchen.png; sourceTree = "<group>"; };
		8CA86A4917E1B4210076E06F /* livingroom.png */ = {isa = PBXFileReference; lastKnownFileType = image.png; path = livingroom.png; sourceTree = "<group>"; };
		8CA86A4A17E1B4210076E06F /* studyroom.png */ = {isa = PBXFileReference; lastKnownFileType = image.png; path = studyroom.png; sourceTree = "<group>"; };
		8CA86A4B17E1B4210076E06F /* washroom.png */ = {isa = PBXFileReference; lastKnownFileType = image.png; path = washroom.png; sourceTree = "<group>"; };
		8CA86A4D17E1B4210076E06F /* noconnection.png */ = {isa = PBXFileReference; lastKnownFileType = image.png; path = noconnection.png; sourceTree = "<group>"; };
		8CA86A4E17E1B4210076E06F /* signal0.png */ = {isa = PBXFileReference; lastKnownFileType = image.png; path = signal0.png; sourceTree = "<group>"; };
		8CA86A4F17E1B4210076E06F /* signal1.png */ = {isa = PBXFileReference; lastKnownFileType = image.png; path = signal1.png; sourceTree = "<group>"; };
		8CA86A5017E1B4210076E06F /* signal2.png */ = {isa = PBXFileReference; lastKnownFileType = image.png; path = signal2.png; sourceTree = "<group>"; };
		8CA86A5117E1B4210076E06F /* signal3.png */ = {isa = PBXFileReference; lastKnownFileType = image.png; path = signal3.png; sourceTree = "<group>"; };
		8CA86A5217E1B4210076E06F /* signal4.png */ = {isa = PBXFileReference; lastKnownFileType = image.png; path = signal4.png; sourceTree = "<group>"; };
		8CA86A6E17E1BA500076E06F /* MYERegisterViewController.h */ = {isa = PBXFileReference; fileEncoding = 4; lastKnownFileType = sourcecode.c.h; path = MYERegisterViewController.h; sourceTree = "<group>"; };
		8CA86A6F17E1BA500076E06F /* MYERegisterViewController.m */ = {isa = PBXFileReference; fileEncoding = 4; lastKnownFileType = sourcecode.c.objc; path = MYERegisterViewController.m; sourceTree = "<group>"; };
		8CA86A7217E1DBA40076E06F /* MYEDataLoader.h */ = {isa = PBXFileReference; fileEncoding = 4; lastKnownFileType = sourcecode.c.h; path = MYEDataLoader.h; sourceTree = "<group>"; };
		8CA86A7317E1DBA40076E06F /* MYEDataLoader.m */ = {isa = PBXFileReference; fileEncoding = 4; lastKnownFileType = sourcecode.c.objc; path = MYEDataLoader.m; sourceTree = "<group>"; };
		8CA86A7417E1DBA40076E06F /* MYEUtil.h */ = {isa = PBXFileReference; fileEncoding = 4; lastKnownFileType = sourcecode.c.h; path = MYEUtil.h; sourceTree = "<group>"; };
		8CA86A7517E1DBA40076E06F /* MYEUtil.m */ = {isa = PBXFileReference; fileEncoding = 4; lastKnownFileType = sourcecode.c.objc; path = MYEUtil.m; sourceTree = "<group>"; };
		8CA86A7817E1DC570076E06F /* MYELoginViewController.h */ = {isa = PBXFileReference; fileEncoding = 4; lastKnownFileType = sourcecode.c.h; path = MYELoginViewController.h; sourceTree = "<group>"; };
		8CA86A7917E1DC570076E06F /* MYELoginViewController.m */ = {isa = PBXFileReference; fileEncoding = 4; lastKnownFileType = sourcecode.c.objc; path = MYELoginViewController.m; sourceTree = "<group>"; };
		8CA86A7C17E1E2000076E06F /* MBProgressHUD.h */ = {isa = PBXFileReference; fileEncoding = 4; lastKnownFileType = sourcecode.c.h; path = MBProgressHUD.h; sourceTree = "<group>"; };
		8CA86A7D17E1E2000076E06F /* MBProgressHUD.m */ = {isa = PBXFileReference; fileEncoding = 4; lastKnownFileType = sourcecode.c.objc; path = MBProgressHUD.m; sourceTree = "<group>"; };
/* End PBXFileReference section */

/* Begin PBXFrameworksBuildPhase section */
		8CA79E3217DF0C4D0028C8B8 /* Frameworks */ = {
			isa = PBXFrameworksBuildPhase;
			buildActionMask = 2147483647;
			files = (
				8C5E4F2717DF49FB00A4FE9F /* SystemConfiguration.framework in Frameworks */,
				8CA79E3917DF0C4D0028C8B8 /* UIKit.framework in Frameworks */,
				8CA79E3B17DF0C4D0028C8B8 /* Foundation.framework in Frameworks */,
				8CA79E3D17DF0C4D0028C8B8 /* CoreGraphics.framework in Frameworks */,
			);
			runOnlyForDeploymentPostprocessing = 0;
		};
/* End PBXFrameworksBuildPhase section */

/* Begin PBXGroup section */
		8C5E4F1817DF239900A4FE9F /* Assets */ = {
			isa = PBXGroup;
			children = (
				8CA86A3317E1B4210076E06F /* icons */,
				8CA86A1317E1B3420076E06F /* ApplicationIcon.png */,
				8CA86A1417E1B3420076E06F /* ApplicationIcon@2x.png */,
				8CA86A1517E1B3420076E06F /* Default-568h@2x.png */,
				8CA86A1617E1B3420076E06F /* Default.png */,
				8CA86A1717E1B3420076E06F /* Default@2x.png */,
				8C5E4F1E17DF459B00A4FE9F /* buttonbg.png */,
				8C5E4F1A17DF454F00A4FE9F /* loginbg.png */,
				8C5E4F1B17DF454F00A4FE9F /* loginbg@2x.png */,
			);
			name = Assets;
			sourceTree = "<group>";
		};
		8CA79E2C17DF0C4D0028C8B8 = {
			isa = PBXGroup;
			children = (
				8CA79E3E17DF0C4E0028C8B8 /* MyEHome2 */,
				8CA79E3717DF0C4D0028C8B8 /* Frameworks */,
				8CA79E3617DF0C4D0028C8B8 /* Products */,
			);
			sourceTree = "<group>";
		};
		8CA79E3617DF0C4D0028C8B8 /* Products */ = {
			isa = PBXGroup;
			children = (
				8CA79E3517DF0C4D0028C8B8 /* MyEHome2.app */,
			);
			name = Products;
			sourceTree = "<group>";
		};
		8CA79E3717DF0C4D0028C8B8 /* Frameworks */ = {
			isa = PBXGroup;
			children = (
				8C5E4F2617DF49FB00A4FE9F /* SystemConfiguration.framework */,
				8CA79E3817DF0C4D0028C8B8 /* UIKit.framework */,
				8CA79E3A17DF0C4D0028C8B8 /* Foundation.framework */,
				8CA79E3C17DF0C4D0028C8B8 /* CoreGraphics.framework */,
			);
			name = Frameworks;
			sourceTree = "<group>";
		};
		8CA79E3E17DF0C4E0028C8B8 /* MyEHome2 */ = {
			isa = PBXGroup;
			children = (
				8CA86A1D17E1B3600076E06F /* Classes */,
				8CA79E5017DF0C4E0028C8B8 /* MainStoryboard.storyboard */,
				8CA79E3F17DF0C4E0028C8B8 /* Supporting Files */,
			);
			path = MyEHome2;
			sourceTree = "<group>";
		};
		8CA79E3F17DF0C4E0028C8B8 /* Supporting Files */ = {
			isa = PBXGroup;
			children = (
				8C5E4F1817DF239900A4FE9F /* Assets */,
				8CA79E4017DF0C4E0028C8B8 /* MyEHome2-Info.plist */,
				8CA79E4117DF0C4E0028C8B8 /* InfoPlist.strings */,
				8CA79E4417DF0C4E0028C8B8 /* main.m */,
				8CA79E4617DF0C4E0028C8B8 /* MyEHome2-Prefix.pch */,
			);
			name = "Supporting Files";
			sourceTree = "<group>";
		};
		8CA86A1D17E1B3600076E06F /* Classes */ = {
			isa = PBXGroup;
			children = (
				8CA86A7B17E1E2000076E06F /* MBProgressHUD */,
				8CA86A7117E1DBA40076E06F /* Utilities */,
				8CA86A2217E1B3600076E06F /* MYEAppDelegate.h */,
				8CA86A2317E1B3600076E06F /* MYEAppDelegate.m */,
				8CA86A6E17E1BA500076E06F /* MYERegisterViewController.h */,
				8CA86A6F17E1BA500076E06F /* MYERegisterViewController.m */,
				8CA86A7817E1DC570076E06F /* MYELoginViewController.h */,
				8CA86A7917E1DC570076E06F /* MYELoginViewController.m */,
			);
			path = Classes;
			sourceTree = "<group>";
		};
		8CA86A3317E1B4210076E06F /* icons */ = {
			isa = PBXGroup;
			children = (
				8CA86A3417E1B4210076E06F /* acmodes */,
				8CA86A3A17E1B4210076E06F /* devices */,
				8CA86A4517E1B4210076E06F /* room */,
				8CA86A4C17E1B4210076E06F /* signal */,
			);
			name = icons;
			path = Assets/icons;
			sourceTree = "<group>";
		};
		8CA86A3417E1B4210076E06F /* acmodes */ = {
			isa = PBXGroup;
			children = (
				8CA86A3517E1B4210076E06F /* run1.png */,
				8CA86A3617E1B4210076E06F /* run2.png */,
				8CA86A3717E1B4210076E06F /* run3.png */,
				8CA86A3817E1B4210076E06F /* run4.png */,
				8CA86A3917E1B4210076E06F /* run5.png */,
			);
			path = acmodes;
			sourceTree = "<group>";
		};
		8CA86A3A17E1B4210076E06F /* devices */ = {
			isa = PBXGroup;
			children = (
				8CA86A3B17E1B4210076E06F /* ac.png */,
				8CA86A3C17E1B4210076E06F /* curtain.png */,
				8CA86A3D17E1B4210076E06F /* fan.png */,
				8CA86A3E17E1B4210076E06F /* other.png */,
				8CA86A3F17E1B4210076E06F /* rediator.png */,
				8CA86A4017E1B4210076E06F /* security.png */,
				8CA86A4117E1B4210076E06F /* socket.png */,
				8CA86A4217E1B4210076E06F /* socketon.png */,
				8CA86A4317E1B4210076E06F /* speaker.png */,
				8CA86A4417E1B4210076E06F /* tv.png */,
			);
			path = devices;
			sourceTree = "<group>";
		};
		8CA86A4517E1B4210076E06F /* room */ = {
			isa = PBXGroup;
			children = (
				8CA86A4617E1B4210076E06F /* bedroom.png */,
				8CA86A4717E1B4210076E06F /* dinningroom.png */,
				8CA86A4817E1B4210076E06F /* kitchen.png */,
				8CA86A4917E1B4210076E06F /* livingroom.png */,
				8CA86A4A17E1B4210076E06F /* studyroom.png */,
				8CA86A4B17E1B4210076E06F /* washroom.png */,
			);
			path = room;
			sourceTree = "<group>";
		};
		8CA86A4C17E1B4210076E06F /* signal */ = {
			isa = PBXGroup;
			children = (
				8CA86A4D17E1B4210076E06F /* noconnection.png */,
				8CA86A4E17E1B4210076E06F /* signal0.png */,
				8CA86A4F17E1B4210076E06F /* signal1.png */,
				8CA86A5017E1B4210076E06F /* signal2.png */,
				8CA86A5117E1B4210076E06F /* signal3.png */,
				8CA86A5217E1B4210076E06F /* signal4.png */,
			);
			path = signal;
			sourceTree = "<group>";
		};
		8CA86A7117E1DBA40076E06F /* Utilities */ = {
			isa = PBXGroup;
			children = (
				8CA86A7217E1DBA40076E06F /* MYEDataLoader.h */,
				8CA86A7317E1DBA40076E06F /* MYEDataLoader.m */,
				8CA86A7417E1DBA40076E06F /* MYEUtil.h */,
				8CA86A7517E1DBA40076E06F /* MYEUtil.m */,
			);
			path = Utilities;
			sourceTree = "<group>";
		};
		8CA86A7B17E1E2000076E06F /* MBProgressHUD */ = {
			isa = PBXGroup;
			children = (
				8CA86A7C17E1E2000076E06F /* MBProgressHUD.h */,
				8CA86A7D17E1E2000076E06F /* MBProgressHUD.m */,
			);
			path = MBProgressHUD;
			sourceTree = "<group>";
		};
/* End PBXGroup section */

/* Begin PBXNativeTarget section */
		8CA79E3417DF0C4D0028C8B8 /* MyEHome2 */ = {
			isa = PBXNativeTarget;
			buildConfigurationList = 8CA79E5817DF0C4E0028C8B8 /* Build configuration list for PBXNativeTarget "MyEHome2" */;
			buildPhases = (
				8CA79E3117DF0C4D0028C8B8 /* Sources */,
				8CA79E3217DF0C4D0028C8B8 /* Frameworks */,
				8CA79E3317DF0C4D0028C8B8 /* Resources */,
			);
			buildRules = (
			);
			dependencies = (
			);
			name = MyEHome2;
			productName = MyEHome2;
			productReference = 8CA79E3517DF0C4D0028C8B8 /* MyEHome2.app */;
			productType = "com.apple.product-type.application";
		};
/* End PBXNativeTarget section */

/* Begin PBXProject section */
		8CA79E2D17DF0C4D0028C8B8 /* Project object */ = {
			isa = PBXProject;
			attributes = {
				CLASSPREFIX = MYE;
				LastUpgradeCheck = 0460;
				ORGANIZATIONNAME = "翟强";
			};
			buildConfigurationList = 8CA79E3017DF0C4D0028C8B8 /* Build configuration list for PBXProject "MyEHome2" */;
			compatibilityVersion = "Xcode 3.2";
			developmentRegion = English;
			hasScannedForEncodings = 0;
			knownRegions = (
				en,
			);
			mainGroup = 8CA79E2C17DF0C4D0028C8B8;
			productRefGroup = 8CA79E3617DF0C4D0028C8B8 /* Products */;
			projectDirPath = "";
			projectRoot = "";
			targets = (
				8CA79E3417DF0C4D0028C8B8 /* MyEHome2 */,
			);
		};
/* End PBXProject section */

/* Begin PBXResourcesBuildPhase section */
		8CA79E3317DF0C4D0028C8B8 /* Resources */ = {
			isa = PBXResourcesBuildPhase;
			buildActionMask = 2147483647;
			files = (
				8CA79E4317DF0C4E0028C8B8 /* InfoPlist.strings in Resources */,
				8CA79E5217DF0C4E0028C8B8 /* MainStoryboard.storyboard in Resources */,
				8C5E4F1C17DF454F00A4FE9F /* loginbg.png in Resources */,
				8C5E4F1D17DF454F00A4FE9F /* loginbg@2x.png in Resources */,
				8C5E4F1F17DF459B00A4FE9F /* buttonbg.png in Resources */,
				8CA86A1817E1B3420076E06F /* ApplicationIcon.png in Resources */,
				8CA86A1917E1B3420076E06F /* ApplicationIcon@2x.png in Resources */,
				8CA86A1A17E1B3420076E06F /* Default-568h@2x.png in Resources */,
				8CA86A1B17E1B3420076E06F /* Default.png in Resources */,
				8CA86A1C17E1B3420076E06F /* Default@2x.png in Resources */,
				8CA86A5317E1B4210076E06F /* run1.png in Resources */,
				8CA86A5417E1B4210076E06F /* run2.png in Resources */,
				8CA86A5517E1B4210076E06F /* run3.png in Resources */,
				8CA86A5617E1B4210076E06F /* run4.png in Resources */,
				8CA86A5717E1B4210076E06F /* run5.png in Resources */,
				8CA86A5817E1B4210076E06F /* ac.png in Resources */,
				8CA86A5917E1B4210076E06F /* curtain.png in Resources */,
				8CA86A5A17E1B4210076E06F /* fan.png in Resources */,
				8CA86A5B17E1B4210076E06F /* other.png in Resources */,
				8CA86A5C17E1B4210076E06F /* rediator.png in Resources */,
				8CA86A5D17E1B4210076E06F /* security.png in Resources */,
				8CA86A5E17E1B4210076E06F /* socket.png in Resources */,
				8CA86A5F17E1B4210076E06F /* socketon.png in Resources */,
				8CA86A6017E1B4210076E06F /* speaker.png in Resources */,
				8CA86A6117E1B4210076E06F /* tv.png in Resources */,
				8CA86A6217E1B4210076E06F /* bedroom.png in Resources */,
				8CA86A6317E1B4210076E06F /* dinningroom.png in Resources */,
				8CA86A6417E1B4210076E06F /* kitchen.png in Resources */,
				8CA86A6517E1B4210076E06F /* livingroom.png in Resources */,
				8CA86A6617E1B4210076E06F /* studyroom.png in Resources */,
				8CA86A6717E1B4210076E06F /* washroom.png in Resources */,
				8CA86A6817E1B4210076E06F /* noconnection.png in Resources */,
				8CA86A6917E1B4210076E06F /* signal0.png in Resources */,
				8CA86A6A17E1B4210076E06F /* signal1.png in Resources */,
				8CA86A6B17E1B4210076E06F /* signal2.png in Resources */,
				8CA86A6C17E1B4210076E06F /* signal3.png in Resources */,
				8CA86A6D17E1B4210076E06F /* signal4.png in Resources */,
			);
			runOnlyForDeploymentPostprocessing = 0;
		};
/* End PBXResourcesBuildPhase section */

/* Begin PBXSourcesBuildPhase section */
		8CA79E3117DF0C4D0028C8B8 /* Sources */ = {
			isa = PBXSourcesBuildPhase;
			buildActionMask = 2147483647;
			files = (
				8CA79E4517DF0C4E0028C8B8 /* main.m in Sources */,
				8CA86A2E17E1B3600076E06F /* MYEAppDelegate.m in Sources */,
				8CA86A7017E1BA500076E06F /* MYERegisterViewController.m in Sources */,
				8CA86A7617E1DBA40076E06F /* MYEDataLoader.m in Sources */,
				8CA86A7717E1DBA40076E06F /* MYEUtil.m in Sources */,
				8CA86A7A17E1DC570076E06F /* MYELoginViewController.m in Sources */,
				8CA86A7E17E1E2000076E06F /* MBProgressHUD.m in Sources */,
			);
			runOnlyForDeploymentPostprocessing = 0;
		};
/* End PBXSourcesBuildPhase section */

/* Begin PBXVariantGroup section */
		8CA79E4117DF0C4E0028C8B8 /* InfoPlist.strings */ = {
			isa = PBXVariantGroup;
			children = (
				8CA79E4217DF0C4E0028C8B8 /* en */,
			);
			name = InfoPlist.strings;
			sourceTree = "<group>";
		};
		8CA79E5017DF0C4E0028C8B8 /* MainStoryboard.storyboard */ = {
			isa = PBXVariantGroup;
			children = (
				8CA79E5117DF0C4E0028C8B8 /* en */,
			);
			name = MainStoryboard.storyboard;
			sourceTree = "<group>";
		};
/* End PBXVariantGroup section */

/* Begin XCBuildConfiguration section */
		8CA79E5617DF0C4E0028C8B8 /* Debug */ = {
			isa = XCBuildConfiguration;
			buildSettings = {
				ALWAYS_SEARCH_USER_PATHS = NO;
				CLANG_CXX_LANGUAGE_STANDARD = "gnu++0x";
				CLANG_CXX_LIBRARY = "libc++";
				CLANG_ENABLE_OBJC_ARC = YES;
				CLANG_WARN_CONSTANT_CONVERSION = YES;
				CLANG_WARN_EMPTY_BODY = YES;
				CLANG_WARN_ENUM_CONVERSION = YES;
				CLANG_WARN_INT_CONVERSION = YES;
				CLANG_WARN__DUPLICATE_METHOD_MATCH = YES;
				"CODE_SIGN_IDENTITY[sdk=iphoneos*]" = "iPhone Developer";
				COPY_PHASE_STRIP = NO;
				GCC_C_LANGUAGE_STANDARD = gnu99;
				GCC_DYNAMIC_NO_PIC = NO;
				GCC_OPTIMIZATION_LEVEL = 0;
				GCC_PREPROCESSOR_DEFINITIONS = (
					"DEBUG=1",
					"$(inherited)",
				);
				GCC_SYMBOLS_PRIVATE_EXTERN = NO;
				GCC_WARN_ABOUT_RETURN_TYPE = YES;
				GCC_WARN_UNINITIALIZED_AUTOS = YES;
				GCC_WARN_UNUSED_VARIABLE = YES;
				IPHONEOS_DEPLOYMENT_TARGET = 6.1;
				ONLY_ACTIVE_ARCH = YES;
				SDKROOT = iphoneos;
			};
			name = Debug;
		};
		8CA79E5717DF0C4E0028C8B8 /* Release */ = {
			isa = XCBuildConfiguration;
			buildSettings = {
				ALWAYS_SEARCH_USER_PATHS = NO;
				CLANG_CXX_LANGUAGE_STANDARD = "gnu++0x";
				CLANG_CXX_LIBRARY = "libc++";
				CLANG_ENABLE_OBJC_ARC = YES;
				CLANG_WARN_CONSTANT_CONVERSION = YES;
				CLANG_WARN_EMPTY_BODY = YES;
				CLANG_WARN_ENUM_CONVERSION = YES;
				CLANG_WARN_INT_CONVERSION = YES;
				CLANG_WARN__DUPLICATE_METHOD_MATCH = YES;
				"CODE_SIGN_IDENTITY[sdk=iphoneos*]" = "iPhone Developer";
				COPY_PHASE_STRIP = YES;
				GCC_C_LANGUAGE_STANDARD = gnu99;
				GCC_WARN_ABOUT_RETURN_TYPE = YES;
				GCC_WARN_UNINITIALIZED_AUTOS = YES;
				GCC_WARN_UNUSED_VARIABLE = YES;
				IPHONEOS_DEPLOYMENT_TARGET = 6.1;
				OTHER_CFLAGS = "-DNS_BLOCK_ASSERTIONS=1";
				SDKROOT = iphoneos;
				VALIDATE_PRODUCT = YES;
			};
			name = Release;
		};
		8CA79E5917DF0C4E0028C8B8 /* Debug */ = {
			isa = XCBuildConfiguration;
			buildSettings = {
				GCC_PRECOMPILE_PREFIX_HEADER = YES;
				GCC_PREFIX_HEADER = "MyEHome2/MyEHome2-Prefix.pch";
				INFOPLIST_FILE = "MyEHome2/MyEHome2-Info.plist";
				PRODUCT_NAME = "$(TARGET_NAME)";
				WRAPPER_EXTENSION = app;
			};
			name = Debug;
		};
		8CA79E5A17DF0C4E0028C8B8 /* Release */ = {
			isa = XCBuildConfiguration;
			buildSettings = {
				GCC_PRECOMPILE_PREFIX_HEADER = YES;
				GCC_PREFIX_HEADER = "MyEHome2/MyEHome2-Prefix.pch";
				INFOPLIST_FILE = "MyEHome2/MyEHome2-Info.plist";
				PRODUCT_NAME = "$(TARGET_NAME)";
				WRAPPER_EXTENSION = app;
			};
			name = Release;
		};
/* End XCBuildConfiguration section */

/* Begin XCConfigurationList section */
		8CA79E3017DF0C4D0028C8B8 /* Build configuration list for PBXProject "MyEHome2" */ = {
			isa = XCConfigurationList;
			buildConfigurations = (
				8CA79E5617DF0C4E0028C8B8 /* Debug */,
				8CA79E5717DF0C4E0028C8B8 /* Release */,
			);
			defaultConfigurationIsVisible = 0;
			defaultConfigurationName = Release;
		};
		8CA79E5817DF0C4E0028C8B8 /* Build configuration list for PBXNativeTarget "MyEHome2" */ = {
			isa = XCConfigurationList;
			buildConfigurations = (
				8CA79E5917DF0C4E0028C8B8 /* Debug */,
				8CA79E5A17DF0C4E0028C8B8 /* Release */,
			);
			defaultConfigurationIsVisible = 0;
			defaultConfigurationName = Release;
		};
/* End XCConfigurationList section */
	};
	rootObject = 8CA79E2D17DF0C4D0028C8B8 /* Project object */;
}
