// !$*UTF8*$!
{
	archiveVersion = 1;
	classes = {
	};
	objectVersion = 46;
	objects = {

/* Begin PBXBuildFile section */
		8C29B93C17F02B2400C73423 /* icon.xcassets in Resources */ = {isa = PBXBuildFile; fileRef = 8C29B93B17F02B2400C73423 /* icon.xcassets */; };
		8C5E4F2717DF49FB00A4FE9F /* SystemConfiguration.framework in Frameworks */ = {isa = PBXBuildFile; fileRef = 8C5E4F2617DF49FB00A4FE9F /* SystemConfiguration.framework */; };
		8C8A9B0517E82964004321F5 /* MYEAddAcViewController.m in Sources */ = {isa = PBXBuildFile; fileRef = 8C8A9B0417E82964004321F5 /* MYEAddAcViewController.m */; };
		8CA79E3917DF0C4D0028C8B8 /* UIKit.framework in Frameworks */ = {isa = PBXBuildFile; fileRef = 8CA79E3817DF0C4D0028C8B8 /* UIKit.framework */; };
		8CA79E3B17DF0C4D0028C8B8 /* Foundation.framework in Frameworks */ = {isa = PBXBuildFile; fileRef = 8CA79E3A17DF0C4D0028C8B8 /* Foundation.framework */; };
		8CA79E3D17DF0C4D0028C8B8 /* CoreGraphics.framework in Frameworks */ = {isa = PBXBuildFile; fileRef = 8CA79E3C17DF0C4D0028C8B8 /* CoreGraphics.framework */; };
		8CA79E4317DF0C4E0028C8B8 /* InfoPlist.strings in Resources */ = {isa = PBXBuildFile; fileRef = 8CA79E4117DF0C4E0028C8B8 /* InfoPlist.strings */; };
		8CA79E4517DF0C4E0028C8B8 /* main.m in Sources */ = {isa = PBXBuildFile; fileRef = 8CA79E4417DF0C4E0028C8B8 /* main.m */; };
		8CA79E5217DF0C4E0028C8B8 /* MainStoryboard.storyboard in Resources */ = {isa = PBXBuildFile; fileRef = 8CA79E5017DF0C4E0028C8B8 /* MainStoryboard.storyboard */; };
		8CA86A2E17E1B3600076E06F /* MYEAppDelegate.m in Sources */ = {isa = PBXBuildFile; fileRef = 8CA86A2317E1B3600076E06F /* MYEAppDelegate.m */; };
		8CA86A7017E1BA500076E06F /* MYERegisterViewController.m in Sources */ = {isa = PBXBuildFile; fileRef = 8CA86A6F17E1BA500076E06F /* MYERegisterViewController.m */; };
		8CA86A7617E1DBA40076E06F /* MYEDataLoader.m in Sources */ = {isa = PBXBuildFile; fileRef = 8CA86A7317E1DBA40076E06F /* MYEDataLoader.m */; };
		8CA86A7717E1DBA40076E06F /* MYEUtil.m in Sources */ = {isa = PBXBuildFile; fileRef = 8CA86A7517E1DBA40076E06F /* MYEUtil.m */; };
		8CA86A7A17E1DC570076E06F /* MYELoginViewController.m in Sources */ = {isa = PBXBuildFile; fileRef = 8CA86A7917E1DC570076E06F /* MYELoginViewController.m */; };
		8CA86A7E17E1E2000076E06F /* MBProgressHUD.m in Sources */ = {isa = PBXBuildFile; fileRef = 8CA86A7D17E1E2000076E06F /* MBProgressHUD.m */; };
		8CAB8BB117F03A1E00EB2C08 /* run1.png in Resources */ = {isa = PBXBuildFile; fileRef = 8CAB8B9317F03A1E00EB2C08 /* run1.png */; };
		8CAB8BB217F03A1E00EB2C08 /* run2.png in Resources */ = {isa = PBXBuildFile; fileRef = 8CAB8B9417F03A1E00EB2C08 /* run2.png */; };
		8CAB8BB317F03A1E00EB2C08 /* run3.png in Resources */ = {isa = PBXBuildFile; fileRef = 8CAB8B9517F03A1E00EB2C08 /* run3.png */; };
		8CAB8BB417F03A1E00EB2C08 /* run4.png in Resources */ = {isa = PBXBuildFile; fileRef = 8CAB8B9617F03A1E00EB2C08 /* run4.png */; };
		8CAB8BB517F03A1E00EB2C08 /* run5.png in Resources */ = {isa = PBXBuildFile; fileRef = 8CAB8B9717F03A1E00EB2C08 /* run5.png */; };
		8CAB8BB617F03A1E00EB2C08 /* ac.png in Resources */ = {isa = PBXBuildFile; fileRef = 8CAB8B9917F03A1E00EB2C08 /* ac.png */; };
		8CAB8BB717F03A1E00EB2C08 /* curtain.png in Resources */ = {isa = PBXBuildFile; fileRef = 8CAB8B9A17F03A1E00EB2C08 /* curtain.png */; };
		8CAB8BB817F03A1E00EB2C08 /* fan.png in Resources */ = {isa = PBXBuildFile; fileRef = 8CAB8B9B17F03A1E00EB2C08 /* fan.png */; };
		8CAB8BB917F03A1E00EB2C08 /* other.png in Resources */ = {isa = PBXBuildFile; fileRef = 8CAB8B9C17F03A1E00EB2C08 /* other.png */; };
		8CAB8BBA17F03A1E00EB2C08 /* rediator.png in Resources */ = {isa = PBXBuildFile; fileRef = 8CAB8B9D17F03A1E00EB2C08 /* rediator.png */; };
		8CAB8BBB17F03A1E00EB2C08 /* security.png in Resources */ = {isa = PBXBuildFile; fileRef = 8CAB8B9E17F03A1E00EB2C08 /* security.png */; };
		8CAB8BBC17F03A1E00EB2C08 /* socket.png in Resources */ = {isa = PBXBuildFile; fileRef = 8CAB8B9F17F03A1E00EB2C08 /* socket.png */; };
		8CAB8BBD17F03A1E00EB2C08 /* socketon.png in Resources */ = {isa = PBXBuildFile; fileRef = 8CAB8BA017F03A1E00EB2C08 /* socketon.png */; };
		8CAB8BBE17F03A1E00EB2C08 /* speaker.png in Resources */ = {isa = PBXBuildFile; fileRef = 8CAB8BA117F03A1E00EB2C08 /* speaker.png */; };
		8CAB8BBF17F03A1E00EB2C08 /* tv.png in Resources */ = {isa = PBXBuildFile; fileRef = 8CAB8BA217F03A1E00EB2C08 /* tv.png */; };
		8CAB8BC017F03A1E00EB2C08 /* bedroom.png in Resources */ = {isa = PBXBuildFile; fileRef = 8CAB8BA417F03A1E00EB2C08 /* bedroom.png */; };
		8CAB8BC117F03A1E00EB2C08 /* dinningroom.png in Resources */ = {isa = PBXBuildFile; fileRef = 8CAB8BA517F03A1E00EB2C08 /* dinningroom.png */; };
		8CAB8BC217F03A1E00EB2C08 /* kitchen.png in Resources */ = {isa = PBXBuildFile; fileRef = 8CAB8BA617F03A1E00EB2C08 /* kitchen.png */; };
		8CAB8BC317F03A1E00EB2C08 /* livingroom.png in Resources */ = {isa = PBXBuildFile; fileRef = 8CAB8BA717F03A1E00EB2C08 /* livingroom.png */; };
		8CAB8BC417F03A1E00EB2C08 /* studyroom.png in Resources */ = {isa = PBXBuildFile; fileRef = 8CAB8BA817F03A1E00EB2C08 /* studyroom.png */; };
		8CAB8BC517F03A1E00EB2C08 /* washroom.png in Resources */ = {isa = PBXBuildFile; fileRef = 8CAB8BA917F03A1E00EB2C08 /* washroom.png */; };
		8CAB8BC617F03A1E00EB2C08 /* noconnection.png in Resources */ = {isa = PBXBuildFile; fileRef = 8CAB8BAB17F03A1E00EB2C08 /* noconnection.png */; };
		8CAB8BC717F03A1E00EB2C08 /* signal0.png in Resources */ = {isa = PBXBuildFile; fileRef = 8CAB8BAC17F03A1E00EB2C08 /* signal0.png */; };
		8CAB8BC817F03A1E00EB2C08 /* signal1.png in Resources */ = {isa = PBXBuildFile; fileRef = 8CAB8BAD17F03A1E00EB2C08 /* signal1.png */; };
		8CAB8BC917F03A1E00EB2C08 /* signal2.png in Resources */ = {isa = PBXBuildFile; fileRef = 8CAB8BAE17F03A1E00EB2C08 /* signal2.png */; };
		8CAB8BCA17F03A1E00EB2C08 /* signal3.png in Resources */ = {isa = PBXBuildFile; fileRef = 8CAB8BAF17F03A1E00EB2C08 /* signal3.png */; };
		8CAB8BCB17F03A1E00EB2C08 /* signal4.png in Resources */ = {isa = PBXBuildFile; fileRef = 8CAB8BB017F03A1E00EB2C08 /* signal4.png */; };
		8CAB8BCD17F03A7C00EB2C08 /* loginbg.png in Resources */ = {isa = PBXBuildFile; fileRef = 8CAB8BCC17F03A7C00EB2C08 /* loginbg.png */; };
		8CAB8BCF17F03AAB00EB2C08 /* ApplicationIcon.png in Resources */ = {isa = PBXBuildFile; fileRef = 8CAB8BCE17F03AAB00EB2C08 /* ApplicationIcon.png */; };
		8CAB8BD117F03AC100EB2C08 /* buttonbg@2x.png in Resources */ = {isa = PBXBuildFile; fileRef = 8CAB8BD017F03AC100EB2C08 /* buttonbg@2x.png */; };
/* End PBXBuildFile section */

/* Begin PBXFileReference section */
		8C29B93B17F02B2400C73423 /* icon.xcassets */ = {isa = PBXFileReference; lastKnownFileType = folder.assetcatalog; path = icon.xcassets; sourceTree = "<group>"; };
		8C5E4F2617DF49FB00A4FE9F /* SystemConfiguration.framework */ = {isa = PBXFileReference; lastKnownFileType = wrapper.framework; name = SystemConfiguration.framework; path = System/Library/Frameworks/SystemConfiguration.framework; sourceTree = SDKROOT; };
		8C8A9B0317E82964004321F5 /* MYEAddAcViewController.h */ = {isa = PBXFileReference; fileEncoding = 4; lastKnownFileType = sourcecode.c.h; path = MYEAddAcViewController.h; sourceTree = "<group>"; };
		8C8A9B0417E82964004321F5 /* MYEAddAcViewController.m */ = {isa = PBXFileReference; fileEncoding = 4; lastKnownFileType = sourcecode.c.objc; path = MYEAddAcViewController.m; sourceTree = "<group>"; };
		8CA79E3517DF0C4D0028C8B8 /* MyEHome2.app */ = {isa = PBXFileReference; explicitFileType = wrapper.application; includeInIndex = 0; path = MyEHome2.app; sourceTree = BUILT_PRODUCTS_DIR; };
		8CA79E3817DF0C4D0028C8B8 /* UIKit.framework */ = {isa = PBXFileReference; lastKnownFileType = wrapper.framework; name = UIKit.framework; path = System/Library/Frameworks/UIKit.framework; sourceTree = SDKROOT; };
		8CA79E3A17DF0C4D0028C8B8 /* Foundation.framework */ = {isa = PBXFileReference; lastKnownFileType = wrapper.framework; name = Foundation.framework; path = System/Library/Frameworks/Foundation.framework; sourceTree = SDKROOT; };
		8CA79E3C17DF0C4D0028C8B8 /* CoreGraphics.framework */ = {isa = PBXFileReference; lastKnownFileType = wrapper.framework; name = CoreGraphics.framework; path = System/Library/Frameworks/CoreGraphics.framework; sourceTree = SDKROOT; };
		8CA79E4017DF0C4E0028C8B8 /* MyEHome2-Info.plist */ = {isa = PBXFileReference; lastKnownFileType = text.plist.xml; path = "MyEHome2-Info.plist"; sourceTree = "<group>"; };
		8CA79E4217DF0C4E0028C8B8 /* en */ = {isa = PBXFileReference; lastKnownFileType = text.plist.strings; name = en; path = en.lproj/InfoPlist.strings; sourceTree = "<group>"; };
		8CA79E4417DF0C4E0028C8B8 /* main.m */ = {isa = PBXFileReference; lastKnownFileType = sourcecode.c.objc; path = main.m; sourceTree = "<group>"; };
		8CA79E4617DF0C4E0028C8B8 /* MyEHome2-Prefix.pch */ = {isa = PBXFileReference; lastKnownFileType = sourcecode.c.h; path = "MyEHome2-Prefix.pch"; sourceTree = "<group>"; };
		8CA79E5117DF0C4E0028C8B8 /* en */ = {isa = PBXFileReference; lastKnownFileType = file.storyboard; name = en; path = en.lproj/MainStoryboard.storyboard; sourceTree = "<group>"; };
		8CA86A2217E1B3600076E06F /* MYEAppDelegate.h */ = {isa = PBXFileReference; fileEncoding = 4; lastKnownFileType = sourcecode.c.h; path = MYEAppDelegate.h; sourceTree = "<group>"; };
		8CA86A2317E1B3600076E06F /* MYEAppDelegate.m */ = {isa = PBXFileReference; fileEncoding = 4; lastKnownFileType = sourcecode.c.objc; path = MYEAppDelegate.m; sourceTree = "<group>"; };
		8CA86A6E17E1BA500076E06F /* MYERegisterViewController.h */ = {isa = PBXFileReference; fileEncoding = 4; lastKnownFileType = sourcecode.c.h; path = MYERegisterViewController.h; sourceTree = "<group>"; };
		8CA86A6F17E1BA500076E06F /* MYERegisterViewController.m */ = {isa = PBXFileReference; fileEncoding = 4; lastKnownFileType = sourcecode.c.objc; path = MYERegisterViewController.m; sourceTree = "<group>"; };
		8CA86A7217E1DBA40076E06F /* MYEDataLoader.h */ = {isa = PBXFileReference; fileEncoding = 4; lastKnownFileType = sourcecode.c.h; path = MYEDataLoader.h; sourceTree = "<group>"; };
		8CA86A7317E1DBA40076E06F /* MYEDataLoader.m */ = {isa = PBXFileReference; fileEncoding = 4; lastKnownFileType = sourcecode.c.objc; path = MYEDataLoader.m; sourceTree = "<group>"; };
		8CA86A7417E1DBA40076E06F /* MYEUtil.h */ = {isa = PBXFileReference; fileEncoding = 4; lastKnownFileType = sourcecode.c.h; path = MYEUtil.h; sourceTree = "<group>"; };
		8CA86A7517E1DBA40076E06F /* MYEUtil.m */ = {isa = PBXFileReference; fileEncoding = 4; lastKnownFileType = sourcecode.c.objc; path = MYEUtil.m; sourceTree = "<group>"; };
		8CA86A7817E1DC570076E06F /* MYELoginViewController.h */ = {isa = PBXFileReference; fileEncoding = 4; lastKnownFileType = sourcecode.c.h; path = MYELoginViewController.h; sourceTree = "<group>"; };
		8CA86A7917E1DC570076E06F /* MYELoginViewController.m */ = {isa = PBXFileReference; fileEncoding = 4; lastKnownFileType = sourcecode.c.objc; path = MYELoginViewController.m; sourceTree = "<group>"; };
		8CA86A7C17E1E2000076E06F /* MBProgressHUD.h */ = {isa = PBXFileReference; fileEncoding = 4; lastKnownFileType = sourcecode.c.h; path = MBProgressHUD.h; sourceTree = "<group>"; };
		8CA86A7D17E1E2000076E06F /* MBProgressHUD.m */ = {isa = PBXFileReference; fileEncoding = 4; lastKnownFileType = sourcecode.c.objc; path = MBProgressHUD.m; sourceTree = "<group>"; };
		8CAB8B9317F03A1E00EB2C08 /* run1.png */ = {isa = PBXFileReference; lastKnownFileType = image.png; path = run1.png; sourceTree = "<group>"; };
		8CAB8B9417F03A1E00EB2C08 /* run2.png */ = {isa = PBXFileReference; lastKnownFileType = image.png; path = run2.png; sourceTree = "<group>"; };
		8CAB8B9517F03A1E00EB2C08 /* run3.png */ = {isa = PBXFileReference; lastKnownFileType = image.png; path = run3.png; sourceTree = "<group>"; };
		8CAB8B9617F03A1E00EB2C08 /* run4.png */ = {isa = PBXFileReference; lastKnownFileType = image.png; path = run4.png; sourceTree = "<group>"; };
		8CAB8B9717F03A1E00EB2C08 /* run5.png */ = {isa = PBXFileReference; lastKnownFileType = image.png; path = run5.png; sourceTree = "<group>"; };
		8CAB8B9917F03A1E00EB2C08 /* ac.png */ = {isa = PBXFileReference; lastKnownFileType = image.png; path = ac.png; sourceTree = "<group>"; };
		8CAB8B9A17F03A1E00EB2C08 /* curtain.png */ = {isa = PBXFileReference; lastKnownFileType = image.png; path = curtain.png; sourceTree = "<group>"; };
		8CAB8B9B17F03A1E00EB2C08 /* fan.png */ = {isa = PBXFileReference; lastKnownFileType = image.png; path = fan.png; sourceTree = "<group>"; };
		8CAB8B9C17F03A1E00EB2C08 /* other.png */ = {isa = PBXFileReference; lastKnownFileType = image.png; path = other.png; sourceTree = "<group>"; };
		8CAB8B9D17F03A1E00EB2C08 /* rediator.png */ = {isa = PBXFileReference; lastKnownFileType = image.png; path = rediator.png; sourceTree = "<group>"; };
		8CAB8B9E17F03A1E00EB2C08 /* security.png */ = {isa = PBXFileReference; lastKnownFileType = image.png; path = security.png; sourceTree = "<group>"; };
		8CAB8B9F17F03A1E00EB2C08 /* socket.png */ = {isa = PBXFileReference; lastKnownFileType = image.png; path = socket.png; sourceTree = "<group>"; };
		8CAB8BA017F03A1E00EB2C08 /* socketon.png */ = {isa = PBXFileReference; lastKnownFileType = image.png; path = socketon.png; sourceTree = "<group>"; };
		8CAB8BA117F03A1E00EB2C08 /* speaker.png */ = {isa = PBXFileReference; lastKnownFileType = image.png; path = speaker.png; sourceTree = "<group>"; };
		8CAB8BA217F03A1E00EB2C08 /* tv.png */ = {isa = PBXFileReference; lastKnownFileType = image.png; path = tv.png; sourceTree = "<group>"; };
		8CAB8BA417F03A1E00EB2C08 /* bedroom.png */ = {isa = PBXFileReference; lastKnownFileType = image.png; path = bedroom.png; sourceTree = "<group>"; };
		8CAB8BA517F03A1E00EB2C08 /* dinningroom.png */ = {isa = PBXFileReference; lastKnownFileType = image.png; path = dinningroom.png; sourceTree = "<group>"; };
		8CAB8BA617F03A1E00EB2C08 /* kitchen.png */ = {isa = PBXFileReference; lastKnownFileType = image.png; path = kitchen.png; sourceTree = "<group>"; };
		8CAB8BA717F03A1E00EB2C08 /* livingroom.png */ = {isa = PBXFileReference; lastKnownFileType = image.png; path = livingroom.png; sourceTree = "<group>"; };
		8CAB8BA817F03A1E00EB2C08 /* studyroom.png */ = {isa = PBXFileReference; lastKnownFileType = image.png; path = studyroom.png; sourceTree = "<group>"; };
		8CAB8BA917F03A1E00EB2C08 /* washroom.png */ = {isa = PBXFileReference; lastKnownFileType = image.png; path = washroom.png; sourceTree = "<group>"; };
		8CAB8BAB17F03A1E00EB2C08 /* noconnection.png */ = {isa = PBXFileReference; lastKnownFileType = image.png; path = noconnection.png; sourceTree = "<group>"; };
		8CAB8BAC17F03A1E00EB2C08 /* signal0.png */ = {isa = PBXFileReference; lastKnownFileType = image.png; path = signal0.png; sourceTree = "<group>"; };
		8CAB8BAD17F03A1E00EB2C08 /* signal1.png */ = {isa = PBXFileReference; lastKnownFileType = image.png; path = signal1.png; sourceTree = "<group>"; };
		8CAB8BAE17F03A1E00EB2C08 /* signal2.png */ = {isa = PBXFileReference; lastKnownFileType = image.png; path = signal2.png; sourceTree = "<group>"; };
		8CAB8BAF17F03A1E00EB2C08 /* signal3.png */ = {isa = PBXFileReference; lastKnownFileType = image.png; path = signal3.png; sourceTree = "<group>"; };
		8CAB8BB017F03A1E00EB2C08 /* signal4.png */ = {isa = PBXFileReference; lastKnownFileType = image.png; path = signal4.png; sourceTree = "<group>"; };
		8CAB8BCC17F03A7C00EB2C08 /* loginbg.png */ = {isa = PBXFileReference; lastKnownFileType = image.png; path = loginbg.png; sourceTree = "<group>"; };
		8CAB8BCE17F03AAB00EB2C08 /* ApplicationIcon.png */ = {isa = PBXFileReference; lastKnownFileType = image.png; path = ApplicationIcon.png; sourceTree = "<group>"; };
		8CAB8BD017F03AC100EB2C08 /* buttonbg@2x.png */ = {isa = PBXFileReference; lastKnownFileType = image.png; path = "buttonbg@2x.png"; sourceTree = "<group>"; };
/* End PBXFileReference section */

/* Begin PBXFrameworksBuildPhase section */
		8CA79E3217DF0C4D0028C8B8 /* Frameworks */ = {
			isa = PBXFrameworksBuildPhase;
			buildActionMask = 2147483647;
			files = (
				8C5E4F2717DF49FB00A4FE9F /* SystemConfiguration.framework in Frameworks */,
				8CA79E3917DF0C4D0028C8B8 /* UIKit.framework in Frameworks */,
				8CA79E3B17DF0C4D0028C8B8 /* Foundation.framework in Frameworks */,
				8CA79E3D17DF0C4D0028C8B8 /* CoreGraphics.framework in Frameworks */,
			);
			runOnlyForDeploymentPostprocessing = 0;
		};
/* End PBXFrameworksBuildPhase section */

/* Begin PBXGroup section */
		8C5E4F1817DF239900A4FE9F /* Assets */ = {
			isa = PBXGroup;
			children = (
				8CAB8BD017F03AC100EB2C08 /* buttonbg@2x.png */,
				8CAB8BCE17F03AAB00EB2C08 /* ApplicationIcon.png */,
				8CAB8BCC17F03A7C00EB2C08 /* loginbg.png */,
				8CAB8B9117F03A1E00EB2C08 /* icons */,
				8C29B93B17F02B2400C73423 /* icon.xcassets */,
			);
			name = Assets;
			sourceTree = "<group>";
		};
		8CA79E2C17DF0C4D0028C8B8 = {
			isa = PBXGroup;
			children = (
				8CA79E3E17DF0C4E0028C8B8 /* MyEHome2 */,
				8CA79E3717DF0C4D0028C8B8 /* Frameworks */,
				8CA79E3617DF0C4D0028C8B8 /* Products */,
			);
			sourceTree = "<group>";
		};
		8CA79E3617DF0C4D0028C8B8 /* Products */ = {
			isa = PBXGroup;
			children = (
				8CA79E3517DF0C4D0028C8B8 /* MyEHome2.app */,
			);
			name = Products;
			sourceTree = "<group>";
		};
		8CA79E3717DF0C4D0028C8B8 /* Frameworks */ = {
			isa = PBXGroup;
			children = (
				8C5E4F2617DF49FB00A4FE9F /* SystemConfiguration.framework */,
				8CA79E3817DF0C4D0028C8B8 /* UIKit.framework */,
				8CA79E3A17DF0C4D0028C8B8 /* Foundation.framework */,
				8CA79E3C17DF0C4D0028C8B8 /* CoreGraphics.framework */,
			);
			name = Frameworks;
			sourceTree = "<group>";
		};
		8CA79E3E17DF0C4E0028C8B8 /* MyEHome2 */ = {
			isa = PBXGroup;
			children = (
				8CA86A1D17E1B3600076E06F /* Classes */,
				8CA79E5017DF0C4E0028C8B8 /* MainStoryboard.storyboard */,
				8CA79E3F17DF0C4E0028C8B8 /* Supporting Files */,
				8C8A9B0317E82964004321F5 /* MYEAddAcViewController.h */,
				8C8A9B0417E82964004321F5 /* MYEAddAcViewController.m */,
			);
			path = MyEHome2;
			sourceTree = "<group>";
		};
		8CA79E3F17DF0C4E0028C8B8 /* Supporting Files */ = {
			isa = PBXGroup;
			children = (
				8C5E4F1817DF239900A4FE9F /* Assets */,
				8CA79E4017DF0C4E0028C8B8 /* MyEHome2-Info.plist */,
				8CA79E4117DF0C4E0028C8B8 /* InfoPlist.strings */,
				8CA79E4417DF0C4E0028C8B8 /* main.m */,
				8CA79E4617DF0C4E0028C8B8 /* MyEHome2-Prefix.pch */,
			);
			name = "Supporting Files";
			sourceTree = "<group>";
		};
		8CA86A1D17E1B3600076E06F /* Classes */ = {
			isa = PBXGroup;
			children = (
				8CA86A7B17E1E2000076E06F /* MBProgressHUD */,
				8CA86A7117E1DBA40076E06F /* Utilities */,
				8CA86A2217E1B3600076E06F /* MYEAppDelegate.h */,
				8CA86A2317E1B3600076E06F /* MYEAppDelegate.m */,
				8CA86A6E17E1BA500076E06F /* MYERegisterViewController.h */,
				8CA86A6F17E1BA500076E06F /* MYERegisterViewController.m */,
				8CA86A7817E1DC570076E06F /* MYELoginViewController.h */,
				8CA86A7917E1DC570076E06F /* MYELoginViewController.m */,
			);
			path = Classes;
			sourceTree = "<group>";
		};
		8CA86A7117E1DBA40076E06F /* Utilities */ = {
			isa = PBXGroup;
			children = (
				8CA86A7217E1DBA40076E06F /* MYEDataLoader.h */,
				8CA86A7317E1DBA40076E06F /* MYEDataLoader.m */,
				8CA86A7417E1DBA40076E06F /* MYEUtil.h */,
				8CA86A7517E1DBA40076E06F /* MYEUtil.m */,
			);
			path = Utilities;
			sourceTree = "<group>";
		};
		8CA86A7B17E1E2000076E06F /* MBProgressHUD */ = {
			isa = PBXGroup;
			children = (
				8CA86A7C17E1E2000076E06F /* MBProgressHUD.h */,
				8CA86A7D17E1E2000076E06F /* MBProgressHUD.m */,
			);
			path = MBProgressHUD;
			sourceTree = "<group>";
		};
		8CAB8B9117F03A1E00EB2C08 /* icons */ = {
			isa = PBXGroup;
			children = (
				8CAB8B9217F03A1E00EB2C08 /* acmodes */,
				8CAB8B9817F03A1E00EB2C08 /* devices */,
				8CAB8BA317F03A1E00EB2C08 /* room */,
				8CAB8BAA17F03A1E00EB2C08 /* signal */,
			);
			path = icons;
			sourceTree = "<group>";
		};
		8CAB8B9217F03A1E00EB2C08 /* acmodes */ = {
			isa = PBXGroup;
			children = (
				8CAB8B9317F03A1E00EB2C08 /* run1.png */,
				8CAB8B9417F03A1E00EB2C08 /* run2.png */,
				8CAB8B9517F03A1E00EB2C08 /* run3.png */,
				8CAB8B9617F03A1E00EB2C08 /* run4.png */,
				8CAB8B9717F03A1E00EB2C08 /* run5.png */,
			);
			path = acmodes;
			sourceTree = "<group>";
		};
		8CAB8B9817F03A1E00EB2C08 /* devices */ = {
			isa = PBXGroup;
			children = (
				8CAB8B9917F03A1E00EB2C08 /* ac.png */,
				8CAB8B9A17F03A1E00EB2C08 /* curtain.png */,
				8CAB8B9B17F03A1E00EB2C08 /* fan.png */,
				8CAB8B9C17F03A1E00EB2C08 /* other.png */,
				8CAB8B9D17F03A1E00EB2C08 /* rediator.png */,
				8CAB8B9E17F03A1E00EB2C08 /* security.png */,
				8CAB8B9F17F03A1E00EB2C08 /* socket.png */,
				8CAB8BA017F03A1E00EB2C08 /* socketon.png */,
				8CAB8BA117F03A1E00EB2C08 /* speaker.png */,
				8CAB8BA217F03A1E00EB2C08 /* tv.png */,
			);
			path = devices;
			sourceTree = "<group>";
		};
		8CAB8BA317F03A1E00EB2C08 /* room */ = {
			isa = PBXGroup;
			children = (
				8CAB8BA417F03A1E00EB2C08 /* bedroom.png */,
				8CAB8BA517F03A1E00EB2C08 /* dinningroom.png */,
				8CAB8BA617F03A1E00EB2C08 /* kitchen.png */,
				8CAB8BA717F03A1E00EB2C08 /* livingroom.png */,
				8CAB8BA817F03A1E00EB2C08 /* studyroom.png */,
				8CAB8BA917F03A1E00EB2C08 /* washroom.png */,
			);
			path = room;
			sourceTree = "<group>";
		};
		8CAB8BAA17F03A1E00EB2C08 /* signal */ = {
			isa = PBXGroup;
			children = (
				8CAB8BAB17F03A1E00EB2C08 /* noconnection.png */,
				8CAB8BAC17F03A1E00EB2C08 /* signal0.png */,
				8CAB8BAD17F03A1E00EB2C08 /* signal1.png */,
				8CAB8BAE17F03A1E00EB2C08 /* signal2.png */,
				8CAB8BAF17F03A1E00EB2C08 /* signal3.png */,
				8CAB8BB017F03A1E00EB2C08 /* signal4.png */,
			);
			path = signal;
			sourceTree = "<group>";
		};
/* End PBXGroup section */

/* Begin PBXNativeTarget section */
		8CA79E3417DF0C4D0028C8B8 /* MyEHome2 */ = {
			isa = PBXNativeTarget;
			buildConfigurationList = 8CA79E5817DF0C4E0028C8B8 /* Build configuration list for PBXNativeTarget "MyEHome2" */;
			buildPhases = (
				8CA79E3117DF0C4D0028C8B8 /* Sources */,
				8CA79E3217DF0C4D0028C8B8 /* Frameworks */,
				8CA79E3317DF0C4D0028C8B8 /* Resources */,
			);
			buildRules = (
			);
			dependencies = (
			);
			name = MyEHome2;
			productName = MyEHome2;
			productReference = 8CA79E3517DF0C4D0028C8B8 /* MyEHome2.app */;
			productType = "com.apple.product-type.application";
		};
/* End PBXNativeTarget section */

/* Begin PBXProject section */
		8CA79E2D17DF0C4D0028C8B8 /* Project object */ = {
			isa = PBXProject;
			attributes = {
				CLASSPREFIX = MYE;
				LastUpgradeCheck = 0460;
				ORGANIZATIONNAME = "翟强";
			};
			buildConfigurationList = 8CA79E3017DF0C4D0028C8B8 /* Build configuration list for PBXProject "MyEHome2" */;
			compatibilityVersion = "Xcode 3.2";
			developmentRegion = English;
			hasScannedForEncodings = 0;
			knownRegions = (
				en,
			);
			mainGroup = 8CA79E2C17DF0C4D0028C8B8;
			productRefGroup = 8CA79E3617DF0C4D0028C8B8 /* Products */;
			projectDirPath = "";
			projectRoot = "";
			targets = (
				8CA79E3417DF0C4D0028C8B8 /* MyEHome2 */,
			);
		};
/* End PBXProject section */

/* Begin PBXResourcesBuildPhase section */
		8CA79E3317DF0C4D0028C8B8 /* Resources */ = {
			isa = PBXResourcesBuildPhase;
			buildActionMask = 2147483647;
			files = (
				8CAB8BCB17F03A1E00EB2C08 /* signal4.png in Resources */,
				8CAB8BC717F03A1E00EB2C08 /* signal0.png in Resources */,
				8CA79E4317DF0C4E0028C8B8 /* InfoPlist.strings in Resources */,
				8CAB8BCF17F03AAB00EB2C08 /* ApplicationIcon.png in Resources */,
				8CAB8BBE17F03A1E00EB2C08 /* speaker.png in Resources */,
				8CAB8BC817F03A1E00EB2C08 /* signal1.png in Resources */,
				8CAB8BBC17F03A1E00EB2C08 /* socket.png in Resources */,
				8CAB8BC017F03A1E00EB2C08 /* bedroom.png in Resources */,
				8CAB8BB417F03A1E00EB2C08 /* run4.png in Resources */,
				8CAB8BB617F03A1E00EB2C08 /* ac.png in Resources */,
				8CAB8BC117F03A1E00EB2C08 /* dinningroom.png in Resources */,
				8CAB8BBF17F03A1E00EB2C08 /* tv.png in Resources */,
				8CAB8BCD17F03A7C00EB2C08 /* loginbg.png in Resources */,
				8CAB8BC917F03A1E00EB2C08 /* signal2.png in Resources */,
				8CAB8BC617F03A1E00EB2C08 /* noconnection.png in Resources */,
				8CAB8BBB17F03A1E00EB2C08 /* security.png in Resources */,
				8CAB8BBD17F03A1E00EB2C08 /* socketon.png in Resources */,
				8CAB8BB217F03A1E00EB2C08 /* run2.png in Resources */,
				8CAB8BC417F03A1E00EB2C08 /* studyroom.png in Resources */,
				8CAB8BB117F03A1E00EB2C08 /* run1.png in Resources */,
				8CAB8BCA17F03A1E00EB2C08 /* signal3.png in Resources */,
				8CA79E5217DF0C4E0028C8B8 /* MainStoryboard.storyboard in Resources */,
				8CAB8BB717F03A1E00EB2C08 /* curtain.png in Resources */,
				8CAB8BC517F03A1E00EB2C08 /* washroom.png in Resources */,
				8CAB8BBA17F03A1E00EB2C08 /* rediator.png in Resources */,
				8CAB8BB517F03A1E00EB2C08 /* run5.png in Resources */,
				8CAB8BB817F03A1E00EB2C08 /* fan.png in Resources */,
				8C29B93C17F02B2400C73423 /* icon.xcassets in Resources */,
				8CAB8BD117F03AC100EB2C08 /* buttonbg@2x.png in Resources */,
				8CAB8BB917F03A1E00EB2C08 /* other.png in Resources */,
				8CAB8BC217F03A1E00EB2C08 /* kitchen.png in Resources */,
				8CAB8BB317F03A1E00EB2C08 /* run3.png in Resources */,
				8CAB8BC317F03A1E00EB2C08 /* livingroom.png in Resources */,
			);
			runOnlyForDeploymentPostprocessing = 0;
		};
/* End PBXResourcesBuildPhase section */

/* Begin PBXSourcesBuildPhase section */
		8CA79E3117DF0C4D0028C8B8 /* Sources */ = {
			isa = PBXSourcesBuildPhase;
			buildActionMask = 2147483647;
			files = (
				8CA79E4517DF0C4E0028C8B8 /* main.m in Sources */,
				8CA86A2E17E1B3600076E06F /* MYEAppDelegate.m in Sources */,
				8CA86A7017E1BA500076E06F /* MYERegisterViewController.m in Sources */,
				8CA86A7617E1DBA40076E06F /* MYEDataLoader.m in Sources */,
				8CA86A7717E1DBA40076E06F /* MYEUtil.m in Sources */,
				8CA86A7A17E1DC570076E06F /* MYELoginViewController.m in Sources */,
				8CA86A7E17E1E2000076E06F /* MBProgressHUD.m in Sources */,
				8C8A9B0517E82964004321F5 /* MYEAddAcViewController.m in Sources */,
			);
			runOnlyForDeploymentPostprocessing = 0;
		};
/* End PBXSourcesBuildPhase section */

/* Begin PBXVariantGroup section */
		8CA79E4117DF0C4E0028C8B8 /* InfoPlist.strings */ = {
			isa = PBXVariantGroup;
			children = (
				8CA79E4217DF0C4E0028C8B8 /* en */,
			);
			name = InfoPlist.strings;
			sourceTree = "<group>";
		};
		8CA79E5017DF0C4E0028C8B8 /* MainStoryboard.storyboard */ = {
			isa = PBXVariantGroup;
			children = (
				8CA79E5117DF0C4E0028C8B8 /* en */,
			);
			name = MainStoryboard.storyboard;
			sourceTree = "<group>";
		};
/* End PBXVariantGroup section */

/* Begin XCBuildConfiguration section */
		8CA79E5617DF0C4E0028C8B8 /* Debug */ = {
			isa = XCBuildConfiguration;
			buildSettings = {
				ALWAYS_SEARCH_USER_PATHS = NO;
				CLANG_CXX_LANGUAGE_STANDARD = "gnu++0x";
				CLANG_CXX_LIBRARY = "libc++";
				CLANG_ENABLE_OBJC_ARC = YES;
				CLANG_WARN_CONSTANT_CONVERSION = YES;
				CLANG_WARN_EMPTY_BODY = YES;
				CLANG_WARN_ENUM_CONVERSION = YES;
				CLANG_WARN_INT_CONVERSION = YES;
				CLANG_WARN__DUPLICATE_METHOD_MATCH = YES;
				"CODE_SIGN_IDENTITY[sdk=iphoneos*]" = "iPhone Developer";
				COPY_PHASE_STRIP = NO;
				GCC_C_LANGUAGE_STANDARD = gnu99;
				GCC_DYNAMIC_NO_PIC = NO;
				GCC_OPTIMIZATION_LEVEL = 0;
				GCC_PREPROCESSOR_DEFINITIONS = (
					"DEBUG=1",
					"$(inherited)",
				);
				GCC_SYMBOLS_PRIVATE_EXTERN = NO;
				GCC_WARN_ABOUT_RETURN_TYPE = YES;
				GCC_WARN_UNINITIALIZED_AUTOS = YES;
				GCC_WARN_UNUSED_VARIABLE = YES;
				IPHONEOS_DEPLOYMENT_TARGET = 6.1;
				ONLY_ACTIVE_ARCH = YES;
				SDKROOT = iphoneos;
			};
			name = Debug;
		};
		8CA79E5717DF0C4E0028C8B8 /* Release */ = {
			isa = XCBuildConfiguration;
			buildSettings = {
				ALWAYS_SEARCH_USER_PATHS = NO;
				CLANG_CXX_LANGUAGE_STANDARD = "gnu++0x";
				CLANG_CXX_LIBRARY = "libc++";
				CLANG_ENABLE_OBJC_ARC = YES;
				CLANG_WARN_CONSTANT_CONVERSION = YES;
				CLANG_WARN_EMPTY_BODY = YES;
				CLANG_WARN_ENUM_CONVERSION = YES;
				CLANG_WARN_INT_CONVERSION = YES;
				CLANG_WARN__DUPLICATE_METHOD_MATCH = YES;
				"CODE_SIGN_IDENTITY[sdk=iphoneos*]" = "iPhone Developer";
				COPY_PHASE_STRIP = YES;
				GCC_C_LANGUAGE_STANDARD = gnu99;
				GCC_WARN_ABOUT_RETURN_TYPE = YES;
				GCC_WARN_UNINITIALIZED_AUTOS = YES;
				GCC_WARN_UNUSED_VARIABLE = YES;
				IPHONEOS_DEPLOYMENT_TARGET = 6.1;
				OTHER_CFLAGS = "-DNS_BLOCK_ASSERTIONS=1";
				SDKROOT = iphoneos;
				VALIDATE_PRODUCT = YES;
			};
			name = Release;
		};
		8CA79E5917DF0C4E0028C8B8 /* Debug */ = {
			isa = XCBuildConfiguration;
			buildSettings = {
				ASSETCATALOG_COMPILER_APPICON_NAME = AppIcon;
				ASSETCATALOG_COMPILER_LAUNCHIMAGE_NAME = LaunchImage;
				GCC_PRECOMPILE_PREFIX_HEADER = YES;
				GCC_PREFIX_HEADER = "MyEHome2/MyEHome2-Prefix.pch";
				INFOPLIST_FILE = "MyEHome2/MyEHome2-Info.plist";
				PRODUCT_NAME = "$(TARGET_NAME)";
				WRAPPER_EXTENSION = app;
			};
			name = Debug;
		};
		8CA79E5A17DF0C4E0028C8B8 /* Release */ = {
			isa = XCBuildConfiguration;
			buildSettings = {
				ASSETCATALOG_COMPILER_APPICON_NAME = AppIcon;
				ASSETCATALOG_COMPILER_LAUNCHIMAGE_NAME = LaunchImage;
				GCC_PRECOMPILE_PREFIX_HEADER = YES;
				GCC_PREFIX_HEADER = "MyEHome2/MyEHome2-Prefix.pch";
				INFOPLIST_FILE = "MyEHome2/MyEHome2-Info.plist";
				PRODUCT_NAME = "$(TARGET_NAME)";
				WRAPPER_EXTENSION = app;
			};
			name = Release;
		};
/* End XCBuildConfiguration section */

/* Begin XCConfigurationList section */
		8CA79E3017DF0C4D0028C8B8 /* Build configuration list for PBXProject "MyEHome2" */ = {
			isa = XCConfigurationList;
			buildConfigurations = (
				8CA79E5617DF0C4E0028C8B8 /* Debug */,
				8CA79E5717DF0C4E0028C8B8 /* Release */,
			);
			defaultConfigurationIsVisible = 0;
			defaultConfigurationName = Release;
		};
		8CA79E5817DF0C4E0028C8B8 /* Build configuration list for PBXNativeTarget "MyEHome2" */ = {
			isa = XCConfigurationList;
			buildConfigurations = (
				8CA79E5917DF0C4E0028C8B8 /* Debug */,
				8CA79E5A17DF0C4E0028C8B8 /* Release */,
			);
			defaultConfigurationIsVisible = 0;
			defaultConfigurationName = Release;
		};
/* End XCConfigurationList section */
	};
	rootObject = 8CA79E2D17DF0C4D0028C8B8 /* Project object */;
}
